Microsoft Visual Studio Solution File, Format Version 9.00
# Visual C++ Express 2005
Project("{8BC9CEB8-8B4A-11D0-8D11-00A0C91BC942}") = "enblend", "src\enblend.vcproj", "{A1402918-6CCA-4625-A83B-FF965635D7BE}"
	ProjectSection(ProjectDependencies) = postProject
		{687B0862-A655-447F-8B25-292F0911E776} = {687B0862-A655-447F-8B25-292F0911E776}
	EndProjectSection
EndProject
Project("{8BC9CEB8-8B4A-11D0-8D11-00A0C91BC942}") = "vigra_impex", "src\vigra_impex\vigra_impex.vcproj", "{687B0862-A655-447F-8B25-292F0911E776}"
EndProject
Project("{8BC9CEB8-8B4A-11D0-8D11-00A0C91BC942}") = "enfuse", "src\enfuse.vcproj", "{11402918-6CCA-4625-A83B-FF965635D7BE}"
	ProjectSection(ProjectDependencies) = postProject
		{687B0862-A655-447F-8B25-292F0911E776} = {687B0862-A655-447F-8B25-292F0911E776}
	EndProjectSection
EndProject
Global
	GlobalSection(SolutionConfigurationPlatforms) = preSolution
		Debug|Win32 = Debug|Win32
		Release|Win32 = Release|Win32
	EndGlobalSection
	GlobalSection(ProjectConfigurationPlatforms) = postSolution
		{A1402918-6CCA-4625-A83B-FF965635D7BE}.Debug|Win32.ActiveCfg = Debug|Win32
		{A1402918-6CCA-4625-A83B-FF965635D7BE}.Debug|Win32.Build.0 = Debug|Win32
		{A1402918-6CCA-4625-A83B-FF965635D7BE}.Release|Win32.ActiveCfg = Release|Win32
		{A1402918-6CCA-4625-A83B-FF965635D7BE}.Release|Win32.Build.0 = Release|Win32
		{687B0862-A655-447F-8B25-292F0911E776}.Debug|Win32.ActiveCfg = Debug|Win32
		{687B0862-A655-447F-8B25-292F0911E776}.Debug|Win32.Build.0 = Debug|Win32
		{687B0862-A655-447F-8B25-292F0911E776}.Release|Win32.ActiveCfg = Release|Win32
		{687B0862-A655-447F-8B25-292F0911E776}.Release|Win32.Build.0 = Release|Win32
		{11402918-6CCA-4625-A83B-FF965635D7BE}.Debug|Win32.ActiveCfg = Debug|Win32
		{11402918-6CCA-4625-A83B-FF965635D7BE}.Debug|Win32.Build.0 = Debug|Win32
		{11402918-6CCA-4625-A83B-FF965635D7BE}.Release|Win32.ActiveCfg = Release|Win32
		{11402918-6CCA-4625-A83B-FF965635D7BE}.Release|Win32.Build.0 = Release|Win32
	EndGlobalSection
	GlobalSection(SolutionProperties) = preSolution
		HideSolutionNode = FALSE
	EndGlobalSection
EndGlobal
